// !$*UTF8*$!
{
	archiveVersion = 1;
	classes = {
	};
	objectVersion = 50;
	objects = {

/* Begin PBXBuildFile section */
		C73106F22173F8DC0036F1AF /* AppDelegate.swift in Sources */ = {isa = PBXBuildFile; fileRef = C73106F12173F8DC0036F1AF /* AppDelegate.swift */; };
		C73106F92173F8DF0036F1AF /* Assets.xcassets in Resources */ = {isa = PBXBuildFile; fileRef = C73106F82173F8DF0036F1AF /* Assets.xcassets */; };
		C73106FC2173F8DF0036F1AF /* LaunchScreen.storyboard in Resources */ = {isa = PBXBuildFile; fileRef = C73106FA2173F8DF0036F1AF /* LaunchScreen.storyboard */; };
		C731070A2173FA1B0036F1AF /* WellcomeViewController.swift in Sources */ = {isa = PBXBuildFile; fileRef = C73107092173FA1B0036F1AF /* WellcomeViewController.swift */; };
/* End PBXBuildFile section */

/* Begin PBXFileReference section */
		C73106EE2173F8DC0036F1AF /* Capture-a-picture.app */ = {isa = PBXFileReference; explicitFileType = wrapper.application; includeInIndex = 0; path = "Capture-a-picture.app"; sourceTree = BUILT_PRODUCTS_DIR; };
		C73106F12173F8DC0036F1AF /* AppDelegate.swift */ = {isa = PBXFileReference; lastKnownFileType = sourcecode.swift; path = AppDelegate.swift; sourceTree = "<group>"; };
		C73106F82173F8DF0036F1AF /* Assets.xcassets */ = {isa = PBXFileReference; lastKnownFileType = folder.assetcatalog; path = Assets.xcassets; sourceTree = "<group>"; };
		C73106FB2173F8DF0036F1AF /* Base */ = {isa = PBXFileReference; lastKnownFileType = file.storyboard; name = Base; path = Base.lproj/LaunchScreen.storyboard; sourceTree = "<group>"; };
		C73106FD2173F8DF0036F1AF /* Info.plist */ = {isa = PBXFileReference; lastKnownFileType = text.plist.xml; path = Info.plist; sourceTree = "<group>"; };
		C73107092173FA1B0036F1AF /* WellcomeViewController.swift */ = {isa = PBXFileReference; lastKnownFileType = sourcecode.swift; path = WellcomeViewController.swift; sourceTree = "<group>"; };
/* End PBXFileReference section */

/* Begin PBXFrameworksBuildPhase section */
		C73106EB2173F8DC0036F1AF /* Frameworks */ = {
			isa = PBXFrameworksBuildPhase;
			buildActionMask = 2147483647;
			files = (
			);
			runOnlyForDeploymentPostprocessing = 0;
		};
/* End PBXFrameworksBuildPhase section */

/* Begin PBXGroup section */
		C73106E52173F8DC0036F1AF = {
			isa = PBXGroup;
			children = (
				C73106F02173F8DC0036F1AF /* Capture-a-picture */,
				C73106EF2173F8DC0036F1AF /* Products */,
			);
			sourceTree = "<group>";
		};
		C73106EF2173F8DC0036F1AF /* Products */ = {
			isa = PBXGroup;
			children = (
				C73106EE2173F8DC0036F1AF /* Capture-a-picture.app */,
			);
			name = Products;
			sourceTree = "<group>";
		};
		C73106F02173F8DC0036F1AF /* Capture-a-picture */ = {
			isa = PBXGroup;
			children = (
				C73107032173F9520036F1AF /* Base */,
				C73107052173F9A10036F1AF /* Class */,
				C73106F12173F8DC0036F1AF /* AppDelegate.swift */,
				C73106F82173F8DF0036F1AF /* Assets.xcassets */,
				C73106FA2173F8DF0036F1AF /* LaunchScreen.storyboard */,
				C73106FD2173F8DF0036F1AF /* Info.plist */,
			);
			path = "Capture-a-picture";
			sourceTree = "<group>";
		};
		C73107032173F9520036F1AF /* Base */ = {
			isa = PBXGroup;
			children = (
			);
			path = Base;
			sourceTree = "<group>";
		};
		C73107052173F9A10036F1AF /* Class */ = {
			isa = PBXGroup;
			children = (
				C73107072173F9B90036F1AF /* Views */,
				C73107062173F9B00036F1AF /* Controllers */,
				C73107082173F9D60036F1AF /* Models */,
			);
			path = Class;
			sourceTree = "<group>";
		};
		C73107062173F9B00036F1AF /* Controllers */ = {
			isa = PBXGroup;
			children = (
				C73107092173FA1B0036F1AF /* WellcomeViewController.swift */,
			);
			path = Controllers;
			sourceTree = "<group>";
		};
		C73107072173F9B90036F1AF /* Views */ = {
			isa = PBXGroup;
			children = (
			);
			path = Views;
			sourceTree = "<group>";
		};
		C73107082173F9D60036F1AF /* Models */ = {
			isa = PBXGroup;
			children = (
			);
			path = Models;
			sourceTree = "<group>";
		};
/* End PBXGroup section */

/* Begin PBXNativeTarget section */
		C73106ED2173F8DC0036F1AF /* Capture-a-picture */ = {
			isa = PBXNativeTarget;
			buildConfigurationList = C73107002173F8DF0036F1AF /* Build configuration list for PBXNativeTarget "Capture-a-picture" */;
			buildPhases = (
				C73106EA2173F8DC0036F1AF /* Sources */,
				C73106EB2173F8DC0036F1AF /* Frameworks */,
				C73106EC2173F8DC0036F1AF /* Resources */,
			);
			buildRules = (
			);
			dependencies = (
			);
			name = "Capture-a-picture";
			productName = "Capture-a-picture";
			productReference = C73106EE2173F8DC0036F1AF /* Capture-a-picture.app */;
			productType = "com.apple.product-type.application";
		};
/* End PBXNativeTarget section */

/* Begin PBXProject section */
		C73106E62173F8DC0036F1AF /* Project object */ = {
			isa = PBXProject;
			attributes = {
				LastSwiftUpdateCheck = 0940;
				LastUpgradeCheck = 0940;
				ORGANIZATIONNAME = "Tiago Mendes";
				TargetAttributes = {
					C73106ED2173F8DC0036F1AF = {
						CreatedOnToolsVersion = 9.4;
					};
				};
			};
			buildConfigurationList = C73106E92173F8DC0036F1AF /* Build configuration list for PBXProject "Capture-a-picture" */;
			compatibilityVersion = "Xcode 9.3";
			developmentRegion = en;
			hasScannedForEncodings = 0;
			knownRegions = (
				en,
				Base,
			);
			mainGroup = C73106E52173F8DC0036F1AF;
			productRefGroup = C73106EF2173F8DC0036F1AF /* Products */;
			projectDirPath = "";
			projectRoot = "";
			targets = (
				C73106ED2173F8DC0036F1AF /* Capture-a-picture */,
			);
		};
/* End PBXProject section */

/* Begin PBXResourcesBuildPhase section */
		C73106EC2173F8DC0036F1AF /* Resources */ = {
			isa = PBXResourcesBuildPhase;
			buildActionMask = 2147483647;
			files = (
				C73106FC2173F8DF0036F1AF /* LaunchScreen.storyboard in Resources */,
				C73106F92173F8DF0036F1AF /* Assets.xcassets in Resources */,
			);
			runOnlyForDeploymentPostprocessing = 0;
		};
/* End PBXResourcesBuildPhase section */

/* Begin PBXSourcesBuildPhase section */
		C73106EA2173F8DC0036F1AF /* Sources */ = {
			isa = PBXSourcesBuildPhase;
			buildActionMask = 2147483647;
			files = (
				C731070A2173FA1B0036F1AF /* WellcomeViewController.swift in Sources */,
				C73106F22173F8DC0036F1AF /* AppDelegate.swift in Sources */,
			);
			runOnlyForDeploymentPostprocessing = 0;
		};
/* End PBXSourcesBuildPhase section */

/* Begin PBXVariantGroup section */
		C73106FA2173F8DF0036F1AF /* LaunchScreen.storyboard */ = {
			isa = PBXVariantGroup;
			children = (
				C73106FB2173F8DF0036F1AF /* Base */,
			);
			name = LaunchScreen.storyboard;
			sourceTree = "<group>";
		};
/* End PBXVariantGroup section */

/* Begin XCBuildConfiguration section */
		C73106FE2173F8DF0036F1AF /* Debug */ = {
			isa = XCBuildConfiguration;
			buildSettings = {
				ALWAYS_SEARCH_USER_PATHS = NO;
				CLANG_ANALYZER_NONNULL = YES;
				CLANG_ANALYZER_NUMBER_OBJECT_CONVERSION = YES_AGGRESSIVE;
				CLANG_CXX_LANGUAGE_STANDARD = "gnu++14";
				CLANG_CXX_LIBRARY = "libc++";
				CLANG_ENABLE_MODULES = YES;
				CLANG_ENABLE_OBJC_ARC = YES;
				CLANG_ENABLE_OBJC_WEAK = YES;
				CLANG_WARN_BLOCK_CAPTURE_AUTORELEASING = YES;
				CLANG_WARN_BOOL_CONVERSION = YES;
				CLANG_WARN_COMMA = YES;
				CLANG_WARN_CONSTANT_CONVERSION = YES;
				CLANG_WARN_DEPRECATED_OBJC_IMPLEMENTATIONS = YES;
				CLANG_WARN_DIRECT_OBJC_ISA_USAGE = YES_ERROR;
				CLANG_WARN_DOCUMENTATION_COMMENTS = YES;
				CLANG_WARN_EMPTY_BODY = YES;
				CLANG_WARN_ENUM_CONVERSION = YES;
				CLANG_WARN_INFINITE_RECURSION = YES;
				CLANG_WARN_INT_CONVERSION = YES;
				CLANG_WARN_NON_LITERAL_NULL_CONVERSION = YES;
				CLANG_WARN_OBJC_IMPLICIT_RETAIN_SELF = YES;
				CLANG_WARN_OBJC_LITERAL_CONVERSION = YES;
				CLANG_WARN_OBJC_ROOT_CLASS = YES_ERROR;
				CLANG_WARN_RANGE_LOOP_ANALYSIS = YES;
				CLANG_WARN_STRICT_PROTOTYPES = YES;
				CLANG_WARN_SUSPICIOUS_MOVE = YES;
				CLANG_WARN_UNGUARDED_AVAILABILITY = YES_AGGRESSIVE;
				CLANG_WARN_UNREACHABLE_CODE = YES;
				CLANG_WARN__DUPLICATE_METHOD_MATCH = YES;
				CODE_SIGN_IDENTITY = "iPhone Developer";
				COPY_PHASE_STRIP = NO;
				DEBUG_INFORMATION_FORMAT = dwarf;
				ENABLE_STRICT_OBJC_MSGSEND = YES;
				ENABLE_TESTABILITY = YES;
				GCC_C_LANGUAGE_STANDARD = gnu11;
				GCC_DYNAMIC_NO_PIC = NO;
				GCC_NO_COMMON_BLOCKS = YES;
				GCC_OPTIMIZATION_LEVEL = 0;
				GCC_PREPROCESSOR_DEFINITIONS = (
					"DEBUG=1",
					"$(inherited)",
				);
				GCC_WARN_64_TO_32_BIT_CONVERSION = YES;
				GCC_WARN_ABOUT_RETURN_TYPE = YES_ERROR;
				GCC_WARN_UNDECLARED_SELECTOR = YES;
				GCC_WARN_UNINITIALIZED_AUTOS = YES_AGGRESSIVE;
				GCC_WARN_UNUSED_FUNCTION = YES;
				GCC_WARN_UNUSED_VARIABLE = YES;
				IPHONEOS_DEPLOYMENT_TARGET = 11.4;
				MTL_ENABLE_DEBUG_INFO = YES;
				ONLY_ACTIVE_ARCH = YES;
				SDKROOT = iphoneos;
				SWIFT_ACTIVE_COMPILATION_CONDITIONS = DEBUG;
				SWIFT_OPTIMIZATION_LEVEL = "-Onone";
			};
			name = Debug;
		};
		C73106FF2173F8DF0036F1AF /* Release */ = {
			isa = XCBuildConfiguration;
			buildSettings = {
				ALWAYS_SEARCH_USER_PATHS = NO;
				CLANG_ANALYZER_NONNULL = YES;
				CLANG_ANALYZER_NUMBER_OBJECT_CONVERSION = YES_AGGRESSIVE;
				CLANG_CXX_LANGUAGE_STANDARD = "gnu++14";
				CLANG_CXX_LIBRARY = "libc++";
				CLANG_ENABLE_MODULES = YES;
				CLANG_ENABLE_OBJC_ARC = YES;
				CLANG_ENABLE_OBJC_WEAK = YES;
				CLANG_WARN_BLOCK_CAPTURE_AUTORELEASING = YES;
				CLANG_WARN_BOOL_CONVERSION = YES;
				CLANG_WARN_COMMA = YES;
				CLANG_WARN_CONSTANT_CONVERSION = YES;
				CLANG_WARN_DEPRECATED_OBJC_IMPLEMENTATIONS = YES;
				CLANG_WARN_DIRECT_OBJC_ISA_USAGE = YES_ERROR;
				CLANG_WARN_DOCUMENTATION_COMMENTS = YES;
				CLANG_WARN_EMPTY_BODY = YES;
				CLANG_WARN_ENUM_CONVERSION = YES;
				CLANG_WARN_INFINITE_RECURSION = YES;
				CLANG_WARN_INT_CONVERSION = YES;
				CLANG_WARN_NON_LITERAL_NULL_CONVERSION = YES;
				CLANG_WARN_OBJC_IMPLICIT_RETAIN_SELF = YES;
				CLANG_WARN_OBJC_LITERAL_CONVERSION = YES;
				CLANG_WARN_OBJC_ROOT_CLASS = YES_ERROR;
				CLANG_WARN_RANGE_LOOP_ANALYSIS = YES;
				CLANG_WARN_STRICT_PROTOTYPES = YES;
				CLANG_WARN_SUSPICIOUS_MOVE = YES;
				CLANG_WARN_UNGUARDED_AVAILABILITY = YES_AGGRESSIVE;
				CLANG_WARN_UNREACHABLE_CODE = YES;
				CLANG_WARN__DUPLICATE_METHOD_MATCH = YES;
				CODE_SIGN_IDENTITY = "iPhone Developer";
				COPY_PHASE_STRIP = NO;
				DEBUG_INFORMATION_FORMAT = "dwarf-with-dsym";
				ENABLE_NS_ASSERTIONS = NO;
				ENABLE_STRICT_OBJC_MSGSEND = YES;
				GCC_C_LANGUAGE_STANDARD = gnu11;
				GCC_NO_COMMON_BLOCKS = YES;
				GCC_WARN_64_TO_32_BIT_CONVERSION = YES;
				GCC_WARN_ABOUT_RETURN_TYPE = YES_ERROR;
				GCC_WARN_UNDECLARED_SELECTOR = YES;
				GCC_WARN_UNINITIALIZED_AUTOS = YES_AGGRESSIVE;
				GCC_WARN_UNUSED_FUNCTION = YES;
				GCC_WARN_UNUSED_VARIABLE = YES;
				IPHONEOS_DEPLOYMENT_TARGET = 11.4;
				MTL_ENABLE_DEBUG_INFO = NO;
				SDKROOT = iphoneos;
				SWIFT_COMPILATION_MODE = wholemodule;
				SWIFT_OPTIMIZATION_LEVEL = "-O";
				VALIDATE_PRODUCT = YES;
			};
			name = Release;
		};
		C73107012173F8DF0036F1AF /* Debug */ = {
			isa = XCBuildConfiguration;
			buildSettings = {
				ASSETCATALOG_COMPILER_APPICON_NAME = AppIcon;
				CODE_SIGN_STYLE = Automatic;
				DEVELOPMENT_TEAM = ZQM8QT87RT;
				INFOPLIST_FILE = "Capture-a-picture/Info.plist";
				LD_RUNPATH_SEARCH_PATHS = (
					"$(inherited)",
					"@executable_path/Frameworks",
				);
				PRODUCT_BUNDLE_IDENTIFIER = "com.github.tnmendes.Capture-a-picture";
				PRODUCT_NAME = "$(TARGET_NAME)";
				SWIFT_VERSION = 4.0;
				TARGETED_DEVICE_FAMILY = "1,2";
			};
			name = Debug;
		};
		C73107022173F8DF0036F1AF /* Release */ = {
			isa = XCBuildConfiguration;
			buildSettings = {
				ASSETCATALOG_COMPILER_APPICON_NAME = AppIcon;
				CODE_SIGN_STYLE = Automatic;
				DEVELOPMENT_TEAM = ZQM8QT87RT;
				INFOPLIST_FILE = "Capture-a-picture/Info.plist";
				LD_RUNPATH_SEARCH_PATHS = (
					"$(inherited)",
					"@executable_path/Frameworks",
				);
				PRODUCT_BUNDLE_IDENTIFIER = "com.github.tnmendes.Capture-a-picture";
				PRODUCT_NAME = "$(TARGET_NAME)";
				SWIFT_VERSION = 4.0;
				TARGETED_DEVICE_FAMILY = "1,2";
			};
			name = Release;
		};
/* End XCBuildConfiguration section */

/* Begin XCConfigurationList section */
		C73106E92173F8DC0036F1AF /* Build configuration list for PBXProject "Capture-a-picture" */ = {
			isa = XCConfigurationList;
			buildConfigurations = (
				C73106FE2173F8DF0036F1AF /* Debug */,
				C73106FF2173F8DF0036F1AF /* Release */,
			);
			defaultConfigurationIsVisible = 0;
			defaultConfigurationName = Release;
		};
		C73107002173F8DF0036F1AF /* Build configuration list for PBXNativeTarget "Capture-a-picture" */ = {
			isa = XCConfigurationList;
			buildConfigurations = (
				C73107012173F8DF0036F1AF /* Debug */,
				C73107022173F8DF0036F1AF /* Release */,
			);
			defaultConfigurationIsVisible = 0;
			defaultConfigurationName = Release;
		};
/* End XCConfigurationList section */
	};
	rootObject = C73106E62173F8DC0036F1AF /* Project object */;
}
